[[package]]
category = "main"
description = "Disable App Nap on OS X 10.9"
marker = "sys_platform == \"darwin\""
name = "appnope"
optional = false
python-versions = "*"
version = "0.1.0"

[[package]]
category = "main"
description = "Specifications for callback functions passed in to an API"
name = "backcall"
optional = false
python-versions = "*"
version = "0.1.0"

[[package]]
category = "main"
description = "Interactive plots and applications in the browser from Python"
name = "bokeh"
optional = false
python-versions = "*"
version = "1.4.0"

[package.dependencies]
Jinja2 = ">=2.7"
PyYAML = ">=3.10"
numpy = ">=1.7.1"
packaging = ">=16.8"
pillow = ">=4.0"
python-dateutil = ">=2.1"
six = ">=1.5.2"
tornado = ">=4.3"

[[package]]
category = "main"
description = "Cross-platform colored terminal text."
marker = "sys_platform == \"win32\""
name = "colorama"
optional = false
python-versions = ">=2.7, !=3.0.*, !=3.1.*, !=3.2.*, !=3.3.*, !=3.4.*"
version = "0.4.3"

[[package]]
category = "main"
description = "Decorators for Humans"
name = "decorator"
optional = false
python-versions = ">=2.6, !=3.0.*, !=3.1.*"
version = "4.4.1"

[[package]]
category = "main"
description = "IPython: Productive Interactive Computing"
name = "ipython"
optional = false
python-versions = ">=3.6"
version = "7.12.0"

[package.dependencies]
appnope = "*"
backcall = "*"
colorama = "*"
decorator = "*"
jedi = ">=0.10"
pexpect = "*"
pickleshare = "*"
prompt-toolkit = ">=2.0.0,<3.0.0 || >3.0.0,<3.0.1 || >3.0.1,<3.1.0"
pygments = "*"
setuptools = ">=18.5"
traitlets = ">=4.2"

[[package]]
category = "main"
description = "Vestigial utilities from IPython"
name = "ipython-genutils"
optional = false
python-versions = "*"
version = "0.2.0"

[[package]]
category = "main"
description = "An autocompletion tool for Python that can be used for text editors."
name = "jedi"
optional = false
python-versions = ">=2.7, !=3.0.*, !=3.1.*, !=3.2.*, !=3.3.*"
version = "0.16.0"

[package.dependencies]
parso = ">=0.5.2"

[[package]]
category = "main"
description = "A very fast and expressive template engine."
name = "jinja2"
optional = false
python-versions = ">=2.7, !=3.0.*, !=3.1.*, !=3.2.*, !=3.3.*, !=3.4.*"
version = "2.11.1"

[package.dependencies]
MarkupSafe = ">=0.23"

[[package]]
category = "main"
description = "Lightweight pipelining: using Python functions as pipeline jobs."
name = "joblib"
optional = false
python-versions = "*"
version = "0.14.1"

[[package]]
category = "main"
description = "Python implementation of Markdown."
name = "markdown"
optional = false
python-versions = ">=2.7,!=3.0.*,!=3.1.*,!=3.2.*,!=3.3.*,!=3.4.*"
version = "3.1.1"

[package.dependencies]
setuptools = ">=36"

[[package]]
category = "main"
description = "Safely add untrusted strings to HTML/XML markup."
name = "markupsafe"
optional = false
python-versions = ">=2.7,!=3.0.*,!=3.1.*,!=3.2.*,!=3.3.*"
version = "1.1.1"

[[package]]
category = "main"
description = "NumPy is the fundamental package for array computing with Python."
name = "numpy"
optional = false
python-versions = ">=3.5"
version = "1.18.1"

[[package]]
category = "main"
description = "Core utilities for Python packages"
name = "packaging"
optional = false
python-versions = ">=2.7, !=3.0.*, !=3.1.*, !=3.2.*, !=3.3.*"
version = "20.1"

[package.dependencies]
pyparsing = ">=2.0.2"
six = "*"

[[package]]
category = "main"
description = "Powerful data structures for data analysis, time series, and statistics"
name = "pandas"
optional = false
python-versions = ">=3.6.1"
version = "1.0.0"

[package.dependencies]
numpy = ">=1.13.3"
python-dateutil = ">=2.6.1"
pytz = ">=2017.2"

[[package]]
category = "main"
description = "A high level app and dashboarding solution for Python."
name = "panel"
optional = false
python-versions = ">=2.7"
version = "0.8.0"

[package.dependencies]
bokeh = ">=1.4.0,<2.0"
markdown = "*"
param = ">=1.9.0"
pyct = ">=0.4.4"
pyviz-comms = ">=0.7.3"
tqdm = "*"

[[package]]
category = "main"
description = "Declarative Python programming using Parameters."
name = "param"
optional = false
python-versions = ">=2.7"
version = "1.9.3"

[[package]]
category = "main"
description = "A Python Parser"
name = "parso"
optional = false
python-versions = ">=2.7, !=3.0.*, !=3.1.*, !=3.2.*, !=3.3.*"
version = "0.6.0"

[[package]]
category = "main"
description = "Pexpect allows easy control of interactive console applications."
marker = "sys_platform != \"win32\""
name = "pexpect"
optional = false
python-versions = "*"
version = "4.8.0"

[package.dependencies]
ptyprocess = ">=0.5"

[[package]]
category = "main"
description = "Tiny 'shelve'-like database with concurrency support"
name = "pickleshare"
optional = false
python-versions = "*"
version = "0.7.5"

[[package]]
category = "main"
description = "Python Imaging Library (Fork)"
name = "pillow"
optional = false
python-versions = ">=3.5"
version = "7.0.0"

[[package]]
category = "main"
description = "Library for building powerful interactive command lines in Python"
name = "prompt-toolkit"
optional = false
python-versions = ">=3.6"
version = "3.0.3"

[package.dependencies]
wcwidth = "*"

[[package]]
category = "main"
description = "Run a subprocess in a pseudo terminal"
marker = "sys_platform != \"win32\""
name = "ptyprocess"
optional = false
python-versions = "*"
version = "0.6.0"

[[package]]
category = "main"
description = "python package common tasks for users (e.g. copy examples, fetch data, ...)"
name = "pyct"
optional = false
python-versions = ">=2.7"
version = "0.4.6"

[package.dependencies]
param = ">=1.7.0"

[[package]]
category = "main"
description = "Pygments is a syntax highlighting package written in Python."
name = "pygments"
optional = false
python-versions = ">=2.7, !=3.0.*, !=3.1.*, !=3.2.*, !=3.3.*, !=3.4.*"
version = "2.5.2"

[[package]]
category = "main"
description = "Python parsing module"
name = "pyparsing"
optional = false
python-versions = ">=2.6, !=3.0.*, !=3.1.*, !=3.2.*"
version = "2.4.6"

[[package]]
category = "main"
description = "Extensions to the standard Python datetime module"
name = "python-dateutil"
optional = false
python-versions = "!=3.0.*,!=3.1.*,!=3.2.*,>=2.7"
version = "2.8.1"

[package.dependencies]
six = ">=1.5"

[[package]]
category = "main"
description = "High performance graph data structures and algorithms"
name = "python-igraph"
optional = false
python-versions = "*"
version = "0.7.1.post6"

[[package]]
category = "main"
description = "World timezone definitions, modern and historical"
name = "pytz"
optional = false
python-versions = "*"
version = "2019.3"

[[package]]
category = "main"
description = "Bidirectional communication for the PyViz ecosystem."
name = "pyviz-comms"
optional = false
python-versions = "*"
version = "0.7.3"

[package.dependencies]
param = "*"

[[package]]
category = "main"
description = "YAML parser and emitter for Python"
name = "pyyaml"
optional = false
python-versions = ">=2.7, !=3.0.*, !=3.1.*, !=3.2.*, !=3.3.*, !=3.4.*"
version = "5.3"

[[package]]
category = "main"
description = "A set of python modules for machine learning and data mining"
name = "scikit-learn"
optional = false
python-versions = ">=3.5"
version = "0.22.1"

[package.dependencies]
joblib = ">=0.11"
numpy = ">=1.11.0"
scipy = ">=0.17.0"

[[package]]
category = "main"
description = "SciPy: Scientific Library for Python"
name = "scipy"
optional = false
python-versions = ">=3.5"
version = "1.4.1"

[package.dependencies]
numpy = ">=1.13.3"

[[package]]
category = "main"
description = "Python 2 and 3 compatibility utilities"
name = "six"
optional = false
python-versions = ">=2.7, !=3.0.*, !=3.1.*, !=3.2.*"
version = "1.14.0"

[[package]]
category = "main"
description = "Tornado is a Python web framework and asynchronous networking library, originally developed at FriendFeed."
name = "tornado"
optional = false
python-versions = ">= 3.5"
version = "6.0.3"

[[package]]
category = "main"
description = "Fast, Extensible Progress Meter"
name = "tqdm"
optional = false
python-versions = ">=2.6, !=3.0.*, !=3.1.*"
version = "4.42.0"

[[package]]
category = "main"
description = "Traitlets Python config system"
name = "traitlets"
optional = false
python-versions = "*"
version = "4.3.3"

[package.dependencies]
decorator = "*"
ipython-genutils = "*"
six = "*"

[[package]]
category = "main"
description = "IPyVega: An IPython/Jupyter widget for Vega 5 and Vega-Lite 3"
name = "vega"
optional = false
python-versions = "*"
version = "2.6.0"

[[package]]
category = "main"
description = "Measures number of Terminal column cells of wide-character codes"
name = "wcwidth"
optional = false
python-versions = "*"
version = "0.1.8"

[metadata]
content-hash = "4e5661189f06f92ef71e4fe2e76b012f9bbd4a6b6d004bf0bd2db8beb56fdf32"
python-versions = "^3.7"

[metadata.hashes]
appnope = ["5b26757dc6f79a3b7dc9fab95359328d5747fcb2409d331ea66d0272b90ab2a0", "8b995ffe925347a2138d7ac0fe77155e4311a0ea6d6da4f5128fe4b3cbe5ed71"]
backcall = ["38ecd85be2c1e78f77fd91700c76e14667dc21e2713b63876c0eb901196e01e4", "bbbf4b1e5cd2bdb08f915895b51081c041bac22394fdfcfdfbe9f14b77c08bf2"]
bokeh = ["c60d38a41a777b8147ee4134e6142cea8026b5eebf48149e370c44689869dce7"]
colorama = ["7d73d2a99753107a36ac6b455ee49046802e59d9d076ef8e47b61499fa29afff", "e96da0d330793e2cb9485e9ddfd918d456036c7149416295932478192f4436a1"]
decorator = ["54c38050039232e1db4ad7375cfce6748d7b41c29e95a081c8a6d2c30364a2ce", "5d19b92a3c8f7f101c8dd86afd86b0f061a8ce4540ab8cd401fa2542756bce6d"]
ipython = ["d9459e7237e2e5858738ff9c3e26504b79899b58a6d49e574d352493d80684c6", "f6689108b1734501d3b59c84427259fd5ac5141afe2e846cfa8598eb811886c9"]
ipython-genutils = ["72dd37233799e619666c9f639a9da83c34013a73e8bbc79a7a6348d93c61fab8", "eb2e116e75ecef9d4d228fdc66af54269afa26ab4463042e33785b887c628ba8"]
jedi = ["b4f4052551025c6b0b0b193b29a6ff7bdb74c52450631206c262aef9f7159ad2", "d5c871cb9360b414f981e7072c52c33258d598305280fef91c6cae34739d65d5"]
jinja2 = ["93187ffbc7808079673ef52771baa950426fd664d3aad1d0fa3e95644360e250", "b0eaf100007721b5c16c1fc1eecb87409464edc10469ddc9a22a27a99123be49"]
joblib = ["0630eea4f5664c463f23fbf5dcfc54a2bc6168902719fa8e19daf033022786c8", "bdb4fd9b72915ffb49fde2229ce482dd7ae79d842ed8c2b4c932441495af1403"]
markdown = ["2e50876bcdd74517e7b71f3e7a76102050edec255b3983403f1a63e7c8a41e7a", "56a46ac655704b91e5b7e6326ce43d5ef72411376588afa1dd90e881b83c7e8c"]
markupsafe = ["00bc623926325b26bb9605ae9eae8a215691f33cae5df11ca5424f06f2d1f473", "09027a7803a62ca78792ad89403b1b7a73a01c8cb65909cd876f7fcebd79b161", "09c4b7f37d6c648cb13f9230d847adf22f8171b1ccc4d5682398e77f40309235", "1027c282dad077d0bae18be6794e6b6b8c91d58ed8a8d89a89d59693b9131db5", "24982cc2533820871eba85ba648cd53d8623687ff11cbb805be4ff7b4c971aff", "29872e92839765e546828bb7754a68c418d927cd064fd4708fab9fe9c8bb116b", "43a55c2930bbc139570ac2452adf3d70cdbb3cfe5912c71cdce1c2c6bbd9c5d1", "46c99d2de99945ec5cb54f23c8cd5689f6d7177305ebff350a58ce5f8de1669e", "500d4957e52ddc3351cabf489e79c91c17f6e0899158447047588650b5e69183", "535f6fc4d397c1563d08b88e485c3496cf5784e927af890fb3c3aac7f933ec66", "62fe6c95e3ec8a7fad637b7f3d372c15ec1caa01ab47926cfdf7a75b40e0eac1", "6dd73240d2af64df90aa7c4e7481e23825ea70af4b4922f8ede5b9e35f78a3b1", "717ba8fe3ae9cc0006d7c451f0bb265ee07739daf76355d06366154ee68d221e", "79855e1c5b8da654cf486b830bd42c06e8780cea587384cf6545b7d9ac013a0b", "7c1699dfe0cf8ff607dbdcc1e9b9af1755371f92a68f706051cc8c37d447c905", "88e5fcfb52ee7b911e8bb6d6aa2fd21fbecc674eadd44118a9cc3863f938e735", "8defac2f2ccd6805ebf65f5eeb132adcf2ab57aa11fdf4c0dd5169a004710e7d", "98c7086708b163d425c67c7a91bad6e466bb99d797aa64f965e9d25c12111a5e", "9add70b36c5666a2ed02b43b335fe19002ee5235efd4b8a89bfcf9005bebac0d", "9bf40443012702a1d2070043cb6291650a0841ece432556f784f004937f0f32c", "ade5e387d2ad0d7ebf59146cc00c8044acbd863725f887353a10df825fc8ae21", "b00c1de48212e4cc9603895652c5c410df699856a2853135b3967591e4beebc2", "b1282f8c00509d99fef04d8ba936b156d419be841854fe901d8ae224c59f0be5", "b2051432115498d3562c084a49bba65d97cf251f5a331c64a12ee7e04dacc51b", "ba59edeaa2fc6114428f1637ffff42da1e311e29382d81b339c1817d37ec93c6", "c8716a48d94b06bb3b2524c2b77e055fb313aeb4ea620c8dd03a105574ba704f", "cd5df75523866410809ca100dc9681e301e3c27567cf498077e8551b6d20e42f", "e249096428b3ae81b08327a63a485ad0878de3fb939049038579ac0ef61e17e7"]
numpy = ["1786a08236f2c92ae0e70423c45e1e62788ed33028f94ca99c4df03f5be6b3c6", "17aa7a81fe7599a10f2b7d95856dc5cf84a4eefa45bc96123cbbc3ebc568994e", "20b26aaa5b3da029942cdcce719b363dbe58696ad182aff0e5dcb1687ec946dc", "2d75908ab3ced4223ccba595b48e538afa5ecc37405923d1fea6906d7c3a50bc", "39d2c685af15d3ce682c99ce5925cc66efc824652e10990d2462dfe9b8918c6a", "56bc8ded6fcd9adea90f65377438f9fea8c05fcf7c5ba766bef258d0da1554aa", "590355aeade1a2eaba17617c19edccb7db8d78760175256e3cf94590a1a964f3", "70a840a26f4e61defa7bdf811d7498a284ced303dfbc35acb7be12a39b2aa121", "77c3bfe65d8560487052ad55c6998a04b654c2fbc36d546aef2b2e511e760971", "9537eecf179f566fd1c160a2e912ca0b8e02d773af0a7a1120ad4f7507cd0d26", "9acdf933c1fd263c513a2df3dceecea6f3ff4419d80bf238510976bf9bcb26cd", "ae0975f42ab1f28364dcda3dde3cf6c1ddab3e1d4b2909da0cb0191fa9ca0480", "b3af02ecc999c8003e538e60c89a2b37646b39b688d4e44d7373e11c2debabec", "b6ff59cee96b454516e47e7721098e6ceebef435e3e21ac2d6c3b8b02628eb77", "b765ed3930b92812aa698a455847141869ef755a87e099fddd4ccf9d81fffb57", "c98c5ffd7d41611407a1103ae11c8b634ad6a43606eca3e2a5a269e5d6e8eb07", "cf7eb6b1025d3e169989416b1adcd676624c2dbed9e3bcb7137f51bfc8cc2572", "d92350c22b150c1cae7ebb0ee8b5670cc84848f6359cf6b5d8f86617098a9b73", "e422c3152921cece8b6a2fb6b0b4d73b6579bd20ae075e7d15143e711f3ca2ca", "e840f552a509e3380b0f0ec977e8124d0dc34dc0e68289ca28f4d7c1d0d79474", "f3d0a94ad151870978fb93538e95411c83899c9dc63e6fb65542f769568ecfa5"]
packaging = ["170748228214b70b672c581a3dd610ee51f733018650740e98c7df862a583f73", "e665345f9eef0c621aa0bf2f8d78cf6d21904eef16a93f020240b704a57f1334"]
pandas = ["18bbce2e69855d42397486ee0bb79cb0e4c94af6679fd9392e32ffdb7fcfade0", "35d07389efaf3c478d93725a226941c7fc14714814ba77d6d43b2c9e63ef4af5", "3ea6cc86931f57f18b1240572216f09922d91b19ab8a01cf24734394a3db3bec", "46b0a146e4ba744e350847244767ef297950e9ce02424734b2dd0befd77d9aff", "66c1a49b47c0953dbc6864a6d2578c4c24610f6bb8e4ab165d49b8371aa7745f", "6d5c2d2a3e42100700bac7fe762c17ba0a04d0355feac04bce74a1aa6c8be164", "ab1aa2c50b7c6ba0eccebb146b4d80ed7f5804897b8d54ccddbe49f28c881a94", "ae1ec10e34d22b0f699e38f346381630cae89d5050a2a61315a2be09e3435f99", "b578df33338a09707bfe3e3939c9d46700948133bf829357c3c46795055c9376", "bad77cf498362590ef3a30bc9e769f4fe4399d853861a1ddbefeea8cbf39906c", "c36e4d44d34eaa503776a8fb57ba1305e680e178458c050c2fd8de67604fa209", "d76a8ec22adf0323d362dac8c900b2c66e06eab984ecf04ef072866d8ab6c538", "e8be4f6da608930c0d565240bfbe04fc6f5764d6a9214b02c6231cd5e223591d", "f66c63f357ac31c913f4917f55348ce99c639031567c3284f01dff605da58264"]
panel = ["540097e16c018e66300adb65da45c8b27eea4f8662ebe4b8cc84c1c7cf917a20", "f0be97ad3c6d73d2d55415b389255ac1d46d94cac2fa918d97f7ba66ebd2c674"]
param = ["8370d41616e257b8ed2e242ec531e0340b8c954bea414b791fa0ef6235959981", "b9afbfda25be81bd763a399beaf8775fd79156e5897d4de50d3e091d15d72636"]
parso = ["1376bdc8cb81377ca481976933773295218a2df47d3e1182ba76d372b1acb128", "597f36de5102a8db05ffdf7ecdc761838b86565a4a111604c6e78beaedf1b045"]
pexpect = ["0b48a55dcb3c05f3329815901ea4fc1537514d6ba867a152b581d69ae3710937", "fc65a43959d153d0114afe13997d439c22823a27cefceb5ff35c2178c6784c0c"]
pickleshare = ["87683d47965c1da65cdacaf31c8441d12b8044cdec9aca500cd78fc2c683afca", "9649af414d74d4df115d5d718f82acb59c9d418196b7b4290ed47a12ce62df56"]
pillow = ["0a628977ac2e01ca96aaae247ec2bd38e729631ddf2221b4b715446fd45505be", "4d9ed9a64095e031435af120d3c910148067087541131e82b3e8db302f4c8946", "54ebae163e8412aff0b9df1e88adab65788f5f5b58e625dc5c7f51eaf14a6837", "5bfef0b1cdde9f33881c913af14e43db69815c7e8df429ceda4c70a5e529210f", "5f3546ceb08089cedb9e8ff7e3f6a7042bb5b37c2a95d392fb027c3e53a2da00", "5f7ae9126d16194f114435ebb79cc536b5682002a4fa57fa7bb2cbcde65f2f4d", "62a889aeb0a79e50ecf5af272e9e3c164148f4bd9636cc6bcfa182a52c8b0533", "7406f5a9b2fd966e79e6abdaf700585a4522e98d6559ce37fc52e5c955fade0a", "8453f914f4e5a3d828281a6628cf517832abfa13ff50679a4848926dac7c0358", "87269cc6ce1e3dee11f23fa515e4249ae678dbbe2704598a51cee76c52e19cda", "875358310ed7abd5320f21dd97351d62de4929b0426cdb1eaa904b64ac36b435", "8ac6ce7ff3892e5deaab7abaec763538ffd011f74dc1801d93d3c5fc541feee2", "91b710e3353aea6fc758cdb7136d9bbdcb26b53cefe43e2cba953ac3ee1d3313", "9d2ba4ed13af381233e2d810ff3bab84ef9f18430a9b336ab69eaf3cd24299ff", "a62ec5e13e227399be73303ff301f2865bf68657d15ea50b038d25fc41097317", "ab76e5580b0ed647a8d8d2d2daee170e8e9f8aad225ede314f684e297e3643c2", "bf4003aa538af3f4205c5fac56eacaa67a6dd81e454ffd9e9f055fff9f1bc614", "bf598d2e37cf8edb1a2f26ed3fb255191f5232badea4003c16301cb94ac5bdd0", "c18f70dc27cc5d236f10e7834236aff60aadc71346a5bc1f4f83a4b3abee6386", "c5ed816632204a2fc9486d784d8e0d0ae754347aba99c811458d69fcdfd2a2f9", "dc058b7833184970d1248135b8b0ab702e6daa833be14035179f2acb78ff5636", "ff3797f2f16bf9d17d53257612da84dd0758db33935777149b3334c01ff68865"]
prompt-toolkit = ["a402e9bf468b63314e37460b68ba68243d55b2f8c4d0192f85a019af3945050e", "c93e53af97f630f12f5f62a3274e79527936ed466f038953dfa379d4941f651a"]
ptyprocess = ["923f299cc5ad920c68f2bc0bc98b75b9f838b93b599941a6b63ddbc2476394c0", "d7cc528d76e76342423ca640335bd3633420dc1366f258cb31d05e865ef5ca1f"]
pyct = ["359eab8c91e63c705f838ccdd56548258f013de0bd3481c99775552ee2ab9de6", "df7b2d29f874cabdbc22e4f8cba2ceb895c48aa33da4e0fe679e89873e0a4c6e"]
pygments = ["2a3fe295e54a20164a9df49c75fa58526d3be48e14aceba6d6b1e8ac0bfd6f1b", "98c8aa5a9f778fcd1026a17361ddaf7330d1b7c62ae97c3bb0ae73e0b9b6b0fe"]
pyparsing = ["4c830582a84fb022400b85429791bc551f1f4871c33f23e44f353119e92f969f", "c342dccb5250c08d45fd6f8b4a559613ca603b57498511740e65cd11a2e7dcec"]
python-dateutil = ["73ebfe9dbf22e832286dafa60473e4cd239f8592f699aa5adaf10050e6e1823c", "75bb3f31ea686f1197762692a9ee6a7550b59fc6ca3a1f4b5d7e32fb98e2da2a"]
python-igraph = ["27c3e787c3513edfa563cf695cf284b6b73a4627f13ce7d06fb39376a37df763", "a5ea42790a077eadb3d1e8f82edc47516fea4a2b26bbf52bfc148370fe0fe676", "d83039ebdbd5a58bdd13aedddf2994c53f40dcba91e5a272293c85d812bf40bb"]
pytz = ["1c557d7d0e871de1f5ccd5833f60fb2550652da6be2693c1e02300743d21500d", "b02c06db6cf09c12dd25137e563b31700d3b80fcc4ad23abb7a315f2789819be"]
pyviz-comms = ["012228bfb4fe434e564661bda1b76cd268a8be5875fa71035cd4140e0b04f22d", "fb88e845ff5170bee93501c2ce86a6e725b3523fb2e0f3484f09473ca57dad9a"]
pyyaml = ["059b2ee3194d718896c0ad077dd8c043e5e909d9180f387ce42012662a4946d6", "1cf708e2ac57f3aabc87405f04b86354f66799c8e62c28c5fc5f88b5521b2dbf", "24521fa2890642614558b492b473bee0ac1f8057a7263156b02e8b14c88ce6f5", "4fee71aa5bc6ed9d5f116327c04273e25ae31a3020386916905767ec4fc5317e", "70024e02197337533eef7b85b068212420f950319cc8c580261963aefc75f811", "74782fbd4d4f87ff04159e986886931456a1894c61229be9eaf4de6f6e44b99e", "940532b111b1952befd7db542c370887a8611660d2b9becff75d39355303d82d", "cb1f2f5e426dc9f07a7681419fe39cee823bb74f723f36f70399123f439e9b20", "dbbb2379c19ed6042e8f11f2a2c66d39cceb8aeace421bfc29d085d93eda3689", "e3a057b7a64f1222b56e47bcff5e4b94c4f61faac04c7c4ecb1985e18caa3994", "e9f45bd5b92c7974e59bcd2dcc8631a6b6cc380a904725fce7bc08872e691615"]
scikit-learn = ["06c9816249b9664ef1b04ad6a5d4dfe0c4017c584858c4e658861c2ac5eb4f31", "12ec6b2821a0b4d1b7cbe0e5d6387e64e25e6ec8cfef058b276a14509c3a537b", "13b9ac18d48c051dfea32783067f2e45552e45852b88f3bccdb5c72fa56df3fe", "1e0cb60dae75da9e72d38569d18bbad5008777defd23585035a1314a01af966c", "28033cb7b50b8a6c3762cddd41dc7e5449347dedfa353409a576082e76309d09", "2d35ece66767dd197d020940b1dab3be92ddbb1c96aaef0936d9c4369d544d69", "51ee25330fc244107588545c70e2f3570cfc4017cff09eed69d6e1d82a212b7d", "571476fbb826c87ad300a5aad0238c14a590ab7df5cb823ee19ac077bf13b5f4", "5e0b5bebfd8bd8ab89b58c44acb95ddcc9439b23c875ed597842991cafc18b62", "671874343a0b33bc0dbcae4af0b9a77c55b8132b33887fbfe086681c3f010840", "6fad30299ef3dd103871ad1235b445fd5d2df47c424746eaf3c50fbc99c49cef", "7f1cdfd3c5e9d0951e273f49bb25bd9886537ab77e2273502b8676c3105828ae", "80eec2f54cc7f51c5abb743f09506e009ba2b95bf6fb0e554aa0d8959b680003", "93001af23b0f1e68d93447f9d56bad631d4fc28eafd78b09469fb55aeff715b1", "956a68772df02342af129e8bbe858b3053745c36beb6351a13641e3b56e0df23", "96e1365ba285903e493b1e9505b533171c852f7069d038dcc3395ece952fdc78", "bacc63185520d9eb295d79fa62c388fd7145783920a1fb113451a0b294994cad", "d92b81615854504c27063e0970aed37e644eea5991444558c8aca8fadc1483b3", "d92ed650c32db013f66bba63af4922bd7a9b8c5802d4ee292332e504e567bd4a", "ebdf03b6e7f784e360ab26cf400cd2125d650c0903ef11086c0a3f2b4b07e603", "f18ae2abc09cb94a171840829a8132dda7267c941eb431387a6014f943946825"]
scipy = ["00af72998a46c25bdb5824d2b729e7dabec0c765f9deb0b504f928591f5ff9d4", "0902a620a381f101e184a958459b36d3ee50f5effd186db76e131cbefcbb96f7", "1e3190466d669d658233e8a583b854f6386dd62d655539b77b3fa25bfb2abb70", "2cce3f9847a1a51019e8c5b47620da93950e58ebc611f13e0d11f4980ca5fecb", "3092857f36b690a321a662fe5496cb816a7f4eecd875e1d36793d92d3f884073", "386086e2972ed2db17cebf88610aab7d7f6e2c0ca30042dc9a89cf18dcc363fa", "71eb180f22c49066f25d6df16f8709f215723317cc951d99e54dc88020ea57be", "770254a280d741dd3436919d47e35712fb081a6ff8bafc0f319382b954b77802", "787cc50cab3020a865640aba3485e9fbd161d4d3b0d03a967df1a2881320512d", "8a07760d5c7f3a92e440ad3aedcc98891e915ce857664282ae3c0220f3301eb6", "8d3bc3993b8e4be7eade6dcc6fd59a412d96d3a33fa42b0fa45dc9e24495ede9", "9508a7c628a165c2c835f2497837bf6ac80eb25291055f56c129df3c943cbaf8", "a144811318853a23d32a07bc7fd5561ff0cac5da643d96ed94a4ffe967d89672", "a1aae70d52d0b074d8121333bc807a485f9f1e6a69742010b33780df2e60cfe0", "a2d6df9eb074af7f08866598e4ef068a2b310d98f87dc23bd1b90ec7bdcec802", "bb517872058a1f087c4528e7429b4a44533a902644987e7b2fe35ecc223bc408", "c5cac0c0387272ee0e789e94a570ac51deb01c796b37fb2aad1fb13f85e2f97d", "cc971a82ea1170e677443108703a2ec9ff0f70752258d0e9f5433d00dda01f59", "dba8306f6da99e37ea08c08fef6e274b5bf8567bb094d1dbe86a20e532aca088", "dc60bb302f48acf6da8ca4444cfa17d52c63c5415302a9ee77b3b21618090521", "dee1bbf3a6c8f73b6b218cb28eed8dd13347ea2f87d572ce19b289d6fd3fbc59"]
six = ["236bdbdce46e6e6a3d61a337c0f8b763ca1e8717c03b369e87a7ec7ce1319c0a", "8f3cd2e254d8f793e7f3d6d9df77b92252b52637291d0f0da013c76ea2724b6c"]
tornado = ["349884248c36801afa19e342a77cc4458caca694b0eda633f5878e458a44cb2c", "398e0d35e086ba38a0427c3b37f4337327231942e731edaa6e9fd1865bbd6f60", "4e73ef678b1a859f0cb29e1d895526a20ea64b5ffd510a2307b5998c7df24281", "559bce3d31484b665259f50cd94c5c28b961b09315ccd838f284687245f416e5", "abbe53a39734ef4aba061fca54e30c6b4639d3e1f59653f0da37a0003de148c7", "c845db36ba616912074c5b1ee897f8e0124df269468f25e4fe21fe72f6edd7a9", "c9399267c926a4e7c418baa5cbe91c7d1cf362d505a1ef898fde44a07c9dd8a5"]
tqdm = ["01464d5950e9a07a8e463c2767883d9616c099c6502f6c7ef4e2e11d3065bd35", "5865f5fef9d739864ff341ddaa69894173ebacedb1aaafcf014de56343d01d5c"]
traitlets = ["70b4c6a1d9019d7b4f6846832288f86998aa3b9207c6821f3578a6a6a467fe44", "d023ee369ddd2763310e4c3eae1ff649689440d4ae59d7485eb4cfbbe3e359f7"]
vega = ["c66354d6d164cc3d7254bcd129d8d861daf4a9e9cb8738b1724791777f6c29f0", "f0c0c90299e226392bf7ec4d4fa2ea06d39c1fba434b3c9c40a07915db65bb49"]
wcwidth = ["8fd29383f539be45b20bd4df0dc29c20ba48654a41e661925e612311e9f3c603", "f28b3e8a6483e5d49e7f8949ac1a78314e740333ae305b4ba5defd3e74fb37a8"]
